
Microsoft Visual Studio Solution File, Format Version 11.00
# Visual Studio 2010
Project("{FAE04EC0-301F-11D3-BF4B-00C04F79EFBC}") = "Console_delegate_2", "Console_delegate_2\Console_delegate_2.csproj", "{C65C0539-C8FA-4D74-B170-9BB7E2C547E4}"
EndProject
Global
	GlobalSection(SolutionConfigurationPlatforms) = preSolution
		Debug|x86 = Debug|x86
		Release|x86 = Release|x86
	EndGlobalSection
	GlobalSection(ProjectConfigurationPlatforms) = postSolution
		{C65C0539-C8FA-4D74-B170-9BB7E2C547E4}.Debug|x86.ActiveCfg = Debug|x86
		{C65C0539-C8FA-4D74-B170-9BB7E2C547E4}.Debug|x86.Build.0 = Debug|x86
		{C65C0539-C8FA-4D74-B170-9BB7E2C547E4}.Release|x86.ActiveCfg = Release|x86
		{C65C0539-C8FA-4D74-B170-9BB7E2C547E4}.Release|x86.Build.0 = Release|x86
	EndGlobalSection
	GlobalSection(SolutionProperties) = preSolution
		HideSolutionNode = FALSE
	EndGlobalSection
EndGlobal
